# THIS IS AN AUTOGENERATED FILE. DO NOT EDIT THIS FILE DIRECTLY.
# yarn lockfile v1


darkreader@^4.9.58:
  version "4.9.58"
  resolved "https://registry.npmjs.org/darkreader/-/darkreader-4.9.58.tgz"
  integrity sha512-D/JGoJqW3m2AWBLhO+Pev+eThfs+CwRT4bcLb/1zKjql2yVwG0lx8C2XRDdSVGHw4y11n26W7syWoBpUfuhMqQ==

lightgallery@^2.7.1:
  version "2.7.1"
  resolved "https://registry.npmjs.org/lightgallery/-/lightgallery-2.7.1.tgz"
  integrity sha512-NbXOzD2APY1OhOOn464jDsBZBaCRahUoLvBxhDFxvwJeC8hCkCIPYSjGgGTYINxVK09DKMsNDJzRr1ngH5nDdg==

re-template-tag@^2.0.1:
  version "2.0.1"
  resolved "https://registry.npmjs.org/re-template-tag/-/re-template-tag-2.0.1.tgz"
  integrity sha512-TkxjSTkKDTKjSrflkkUDHd/2RDQuwoYPdrdNtTcDG0wD2EeT5FeeWe1QANwKe4BwOC5kN8a7QnvSAgSz7mRhwQ==
