# THIS IS AN AUTOGENERATED FILE. DO NOT EDIT THIS FILE DIRECTLY.
# yarn lockfile v1


lightgallery@^2.7.1:
  version "2.7.1"
  resolved "https://registry.yarnpkg.com/lightgallery/-/lightgallery-2.7.1.tgz#6f15bfb72d51ed9499aa6b6363181083fd048ef9"
  integrity sha512-NbXOzD2APY1OhOOn464jDsBZBaCRahUoLvBxhDFxvwJeC8hCkCIPYSjGgGTYINxVK09DKMsNDJzRr1ngH5nDdg==

re-template-tag@^2.0.1:
  version "2.0.1"
  resolved "https://registry.yarnpkg.com/re-template-tag/-/re-template-tag-2.0.1.tgz#bdebf1cc76cece769090906e7317925069504955"
  integrity sha512-TkxjSTkKDTKjSrflkkUDHd/2RDQuwoYPdrdNtTcDG0wD2EeT5FeeWe1QANwKe4BwOC5kN8a7QnvSAgSz7mRhwQ==
